// !$*UTF8*$!
{
	archiveVersion = 1;
	classes = {
	};
	objectVersion = 50;
	objects = {

/* Begin PBXBuildFile section */
		25091FD724B62DE000532136 /* OccuipiedSpace+CoreDataClass.swift in Sources */ = {isa = PBXBuildFile; fileRef = 25091FD524B62DE000532136 /* OccuipiedSpace+CoreDataClass.swift */; };
		25091FD824B62DE000532136 /* OccuipiedSpace+CoreDataProperties.swift in Sources */ = {isa = PBXBuildFile; fileRef = 25091FD624B62DE000532136 /* OccuipiedSpace+CoreDataProperties.swift */; };
		250F5AFB24AA32DF00ABCDA4 /* TaskRow.swift in Sources */ = {isa = PBXBuildFile; fileRef = 250F5AFA24AA32DF00ABCDA4 /* TaskRow.swift */; };
		250F5B0024AA3C6800ABCDA4 /* TaskList.swift in Sources */ = {isa = PBXBuildFile; fileRef = 250F5AFF24AA3C6800ABCDA4 /* TaskList.swift */; };
		250F5B0224AA707100ABCDA4 /* HelperFuncs.swift in Sources */ = {isa = PBXBuildFile; fileRef = 250F5B0124AA707100ABCDA4 /* HelperFuncs.swift */; };
		251EE60824A52BDB00AC82F3 /* TaskViewModel.swift in Sources */ = {isa = PBXBuildFile; fileRef = 251EE60724A52BDB00AC82F3 /* TaskViewModel.swift */; };
		251EE60A24A52E2400AC82F3 /* TaskModel.swift in Sources */ = {isa = PBXBuildFile; fileRef = 251EE60924A52E2400AC82F3 /* TaskModel.swift */; };
		252FCC8E24B518060026EB03 /* Hour+CoreDataClass.swift in Sources */ = {isa = PBXBuildFile; fileRef = 252FCC8A24B518060026EB03 /* Hour+CoreDataClass.swift */; };
		252FCC8F24B518060026EB03 /* Hour+CoreDataProperties.swift in Sources */ = {isa = PBXBuildFile; fileRef = 252FCC8B24B518060026EB03 /* Hour+CoreDataProperties.swift */; };
		253455D424A12539007CB6BF /* AddTask.swift in Sources */ = {isa = PBXBuildFile; fileRef = 253455D324A12539007CB6BF /* AddTask.swift */; };
		253455D624A149F7007CB6BF /* TestView.swift in Sources */ = {isa = PBXBuildFile; fileRef = 253455D524A149F7007CB6BF /* TestView.swift */; };
		253455D824A14B7B007CB6BF /* TestView3.swift in Sources */ = {isa = PBXBuildFile; fileRef = 253455D724A14B7B007CB6BF /* TestView3.swift */; };
		2535D71D24B6AFC400BD7623 /* ManageMyTime.xcdatamodeld in Sources */ = {isa = PBXBuildFile; fileRef = 2535D71B24B6AFC400BD7623 /* ManageMyTime.xcdatamodeld */; };
		2539FFE924A3E1CC0059B831 /* Task+CoreDataClass.swift in Sources */ = {isa = PBXBuildFile; fileRef = 2539FFE724A3E1CC0059B831 /* Task+CoreDataClass.swift */; };
		2539FFEA24A3E1CC0059B831 /* Task+CoreDataProperties.swift in Sources */ = {isa = PBXBuildFile; fileRef = 2539FFE824A3E1CC0059B831 /* Task+CoreDataProperties.swift */; };
		253C5CE824B1193800C95A06 /* DayObject.swift in Sources */ = {isa = PBXBuildFile; fileRef = 253C5CE724B1193800C95A06 /* DayObject.swift */; };
		253C5CEA24B11A0400C95A06 /* HourlyTask.swift in Sources */ = {isa = PBXBuildFile; fileRef = 253C5CE924B11A0400C95A06 /* HourlyTask.swift */; };
		253C5CEC24B11AEA00C95A06 /* TimeManagementCore.swift in Sources */ = {isa = PBXBuildFile; fileRef = 253C5CEB24B11AEA00C95A06 /* TimeManagementCore.swift */; };
		2565CC6524AF7A070006BF97 /* TaskSchedule.swift in Sources */ = {isa = PBXBuildFile; fileRef = 2565CC6424AF7A070006BF97 /* TaskSchedule.swift */; };
		25680715249FF1FC0096AB89 /* AppDelegate.swift in Sources */ = {isa = PBXBuildFile; fileRef = 25680714249FF1FC0096AB89 /* AppDelegate.swift */; };
		25680717249FF1FC0096AB89 /* SceneDelegate.swift in Sources */ = {isa = PBXBuildFile; fileRef = 25680716249FF1FC0096AB89 /* SceneDelegate.swift */; };
		2568071C249FF1FC0096AB89 /* ContentView.swift in Sources */ = {isa = PBXBuildFile; fileRef = 2568071B249FF1FC0096AB89 /* ContentView.swift */; };
		2568071E249FF1FF0096AB89 /* Assets.xcassets in Resources */ = {isa = PBXBuildFile; fileRef = 2568071D249FF1FF0096AB89 /* Assets.xcassets */; };
		25680721249FF1FF0096AB89 /* Preview Assets.xcassets in Resources */ = {isa = PBXBuildFile; fileRef = 25680720249FF1FF0096AB89 /* Preview Assets.xcassets */; };
		25680724249FF1FF0096AB89 /* LaunchScreen.storyboard in Resources */ = {isa = PBXBuildFile; fileRef = 25680722249FF1FF0096AB89 /* LaunchScreen.storyboard */; };
		2568072F249FF1FF0096AB89 /* ManageMyTimeTests.swift in Sources */ = {isa = PBXBuildFile; fileRef = 2568072E249FF1FF0096AB89 /* ManageMyTimeTests.swift */; };
		2577A5E624ACF3040006E1D2 /* ScheduleView.swift in Sources */ = {isa = PBXBuildFile; fileRef = 2577A5E524ACF3040006E1D2 /* ScheduleView.swift */; };
		2577A5E824AD13B80006E1D2 /* ScheduleViewRow.swift in Sources */ = {isa = PBXBuildFile; fileRef = 2577A5E724AD13B80006E1D2 /* ScheduleViewRow.swift */; };
		2577A5EA24AD15690006E1D2 /* Column.swift in Sources */ = {isa = PBXBuildFile; fileRef = 2577A5E924AD15690006E1D2 /* Column.swift */; };
		2577A5EC24AD5D8E0006E1D2 /* DailyViewRow.swift in Sources */ = {isa = PBXBuildFile; fileRef = 2577A5EB24AD5D8E0006E1D2 /* DailyViewRow.swift */; };
		257ECFE524B27A7C006051C5 /* RestrictedSpace.swift in Sources */ = {isa = PBXBuildFile; fileRef = 257ECFE424B27A7C006051C5 /* RestrictedSpace.swift */; };
		257ECFED24B287A6006051C5 /* RestrictedSpace+CoreDataClass.swift in Sources */ = {isa = PBXBuildFile; fileRef = 257ECFEB24B287A6006051C5 /* RestrictedSpace+CoreDataClass.swift */; };
		257ECFEE24B287A6006051C5 /* RestrictedSpace+CoreDataProperties.swift in Sources */ = {isa = PBXBuildFile; fileRef = 257ECFEC24B287A6006051C5 /* RestrictedSpace+CoreDataProperties.swift */; };
		2587D96024B7A89E00A3AFF9 /* CustomDate.swift in Sources */ = {isa = PBXBuildFile; fileRef = 2587D95F24B7A89E00A3AFF9 /* CustomDate.swift */; };
		258F08CD24AEB05E0057B35D /* WeeklyTasksRow.swift in Sources */ = {isa = PBXBuildFile; fileRef = 258F08CC24AEB05E0057B35D /* WeeklyTasksRow.swift */; };
		258F08CF24AEB63D0057B35D /* WeeklyScheduleBar.swift in Sources */ = {isa = PBXBuildFile; fileRef = 258F08CE24AEB63D0057B35D /* WeeklyScheduleBar.swift */; };
		25A248E424AA861000E74F51 /* DetailedTask.swift in Sources */ = {isa = PBXBuildFile; fileRef = 25A248E324AA861000E74F51 /* DetailedTask.swift */; };
		25B7603124A288D100C37C69 /* NewTaskText.swift in Sources */ = {isa = PBXBuildFile; fileRef = 25B7603024A288D100C37C69 /* NewTaskText.swift */; };
		25DB2DA924B632EB00E86600 /* FreeSpace+CoreDataClass.swift in Sources */ = {isa = PBXBuildFile; fileRef = 25DB2DA724B632EB00E86600 /* FreeSpace+CoreDataClass.swift */; };
		25DB2DAA24B632EB00E86600 /* FreeSpace+CoreDataProperties.swift in Sources */ = {isa = PBXBuildFile; fileRef = 25DB2DA824B632EB00E86600 /* FreeSpace+CoreDataProperties.swift */; };
		25DB2DAC24B6633F00E86600 /* AvailableDay.swift in Sources */ = {isa = PBXBuildFile; fileRef = 25DB2DAB24B6633F00E86600 /* AvailableDay.swift */; };
		25E5847724ABD49F00F251D5 /* ScheduleView2.swift in Sources */ = {isa = PBXBuildFile; fileRef = 25E5847624ABD49F00F251D5 /* ScheduleView2.swift */; };
		25EDA89F24B4C05200094B23 /* HourlyTime.swift in Sources */ = {isa = PBXBuildFile; fileRef = 25EDA89E24B4C05200094B23 /* HourlyTime.swift */; };
		25EDA8B424B5135100094B23 /* ButtonTestingView.swift in Sources */ = {isa = PBXBuildFile; fileRef = 25EDA8B324B5135100094B23 /* ButtonTestingView.swift */; };
		25F347FE24A22FB400671D09 /* MultiPicker.swift in Sources */ = {isa = PBXBuildFile; fileRef = 25F347FD24A22FB400671D09 /* MultiPicker.swift */; };
		25F3480024A2304D00671D09 /* DurationSelector.swift in Sources */ = {isa = PBXBuildFile; fileRef = 25F347FF24A2304D00671D09 /* DurationSelector.swift */; };
		25FAFE2824AE2BBB001E4820 /* TestTaskRow.swift in Sources */ = {isa = PBXBuildFile; fileRef = 25FAFE2724AE2BBB001E4820 /* TestTaskRow.swift */; };
/* End PBXBuildFile section */

/* Begin PBXContainerItemProxy section */
		2568072B249FF1FF0096AB89 /* PBXContainerItemProxy */ = {
			isa = PBXContainerItemProxy;
			containerPortal = 25680709249FF1FC0096AB89 /* Project object */;
			proxyType = 1;
			remoteGlobalIDString = 25680710249FF1FC0096AB89;
			remoteInfo = ManageMyTime;
		};
/* End PBXContainerItemProxy section */

/* Begin PBXFileReference section */
		25091FD524B62DE000532136 /* OccuipiedSpace+CoreDataClass.swift */ = {isa = PBXFileReference; lastKnownFileType = sourcecode.swift; path = "OccuipiedSpace+CoreDataClass.swift"; sourceTree = "<group>"; };
		25091FD624B62DE000532136 /* OccuipiedSpace+CoreDataProperties.swift */ = {isa = PBXFileReference; lastKnownFileType = sourcecode.swift; path = "OccuipiedSpace+CoreDataProperties.swift"; sourceTree = "<group>"; };
		250F5AFA24AA32DF00ABCDA4 /* TaskRow.swift */ = {isa = PBXFileReference; lastKnownFileType = sourcecode.swift; path = TaskRow.swift; sourceTree = "<group>"; };
		250F5AFF24AA3C6800ABCDA4 /* TaskList.swift */ = {isa = PBXFileReference; lastKnownFileType = sourcecode.swift; path = TaskList.swift; sourceTree = "<group>"; };
		250F5B0124AA707100ABCDA4 /* HelperFuncs.swift */ = {isa = PBXFileReference; lastKnownFileType = sourcecode.swift; path = HelperFuncs.swift; sourceTree = "<group>"; };
		251EE60724A52BDB00AC82F3 /* TaskViewModel.swift */ = {isa = PBXFileReference; lastKnownFileType = sourcecode.swift; path = TaskViewModel.swift; sourceTree = "<group>"; };
		251EE60924A52E2400AC82F3 /* TaskModel.swift */ = {isa = PBXFileReference; lastKnownFileType = sourcecode.swift; path = TaskModel.swift; sourceTree = "<group>"; };
		252FCC8A24B518060026EB03 /* Hour+CoreDataClass.swift */ = {isa = PBXFileReference; lastKnownFileType = sourcecode.swift; path = "Hour+CoreDataClass.swift"; sourceTree = "<group>"; };
		252FCC8B24B518060026EB03 /* Hour+CoreDataProperties.swift */ = {isa = PBXFileReference; lastKnownFileType = sourcecode.swift; path = "Hour+CoreDataProperties.swift"; sourceTree = "<group>"; };
		253455D324A12539007CB6BF /* AddTask.swift */ = {isa = PBXFileReference; lastKnownFileType = sourcecode.swift; path = AddTask.swift; sourceTree = "<group>"; };
		253455D524A149F7007CB6BF /* TestView.swift */ = {isa = PBXFileReference; lastKnownFileType = sourcecode.swift; path = TestView.swift; sourceTree = "<group>"; };
		253455D724A14B7B007CB6BF /* TestView3.swift */ = {isa = PBXFileReference; lastKnownFileType = sourcecode.swift; path = TestView3.swift; sourceTree = "<group>"; };
		2535D71C24B6AFC400BD7623 /* ManageMyTime.xcdatamodel */ = {isa = PBXFileReference; lastKnownFileType = wrapper.xcdatamodel; path = ManageMyTime.xcdatamodel; sourceTree = "<group>"; };
		2539FFE724A3E1CC0059B831 /* Task+CoreDataClass.swift */ = {isa = PBXFileReference; lastKnownFileType = sourcecode.swift; path = "Task+CoreDataClass.swift"; sourceTree = "<group>"; };
		2539FFE824A3E1CC0059B831 /* Task+CoreDataProperties.swift */ = {isa = PBXFileReference; lastKnownFileType = sourcecode.swift; path = "Task+CoreDataProperties.swift"; sourceTree = "<group>"; };
		253C5CE724B1193800C95A06 /* DayObject.swift */ = {isa = PBXFileReference; lastKnownFileType = sourcecode.swift; path = DayObject.swift; sourceTree = "<group>"; };
		253C5CE924B11A0400C95A06 /* HourlyTask.swift */ = {isa = PBXFileReference; lastKnownFileType = sourcecode.swift; path = HourlyTask.swift; sourceTree = "<group>"; };
		253C5CEB24B11AEA00C95A06 /* TimeManagementCore.swift */ = {isa = PBXFileReference; lastKnownFileType = sourcecode.swift; path = TimeManagementCore.swift; sourceTree = "<group>"; };
		2565CC6424AF7A070006BF97 /* TaskSchedule.swift */ = {isa = PBXFileReference; lastKnownFileType = sourcecode.swift; path = TaskSchedule.swift; sourceTree = "<group>"; };
		25680711249FF1FC0096AB89 /* ManageMyTime.app */ = {isa = PBXFileReference; explicitFileType = wrapper.application; includeInIndex = 0; path = ManageMyTime.app; sourceTree = BUILT_PRODUCTS_DIR; };
		25680714249FF1FC0096AB89 /* AppDelegate.swift */ = {isa = PBXFileReference; lastKnownFileType = sourcecode.swift; path = AppDelegate.swift; sourceTree = "<group>"; };
		25680716249FF1FC0096AB89 /* SceneDelegate.swift */ = {isa = PBXFileReference; lastKnownFileType = sourcecode.swift; path = SceneDelegate.swift; sourceTree = "<group>"; };
		2568071B249FF1FC0096AB89 /* ContentView.swift */ = {isa = PBXFileReference; lastKnownFileType = sourcecode.swift; path = ContentView.swift; sourceTree = "<group>"; };
		2568071D249FF1FF0096AB89 /* Assets.xcassets */ = {isa = PBXFileReference; lastKnownFileType = folder.assetcatalog; path = Assets.xcassets; sourceTree = "<group>"; };
		25680720249FF1FF0096AB89 /* Preview Assets.xcassets */ = {isa = PBXFileReference; lastKnownFileType = folder.assetcatalog; path = "Preview Assets.xcassets"; sourceTree = "<group>"; };
		25680723249FF1FF0096AB89 /* Base */ = {isa = PBXFileReference; lastKnownFileType = file.storyboard; name = Base; path = Base.lproj/LaunchScreen.storyboard; sourceTree = "<group>"; };
		25680725249FF1FF0096AB89 /* Info.plist */ = {isa = PBXFileReference; lastKnownFileType = text.plist.xml; path = Info.plist; sourceTree = "<group>"; };
		2568072A249FF1FF0096AB89 /* ManageMyTimeTests.xctest */ = {isa = PBXFileReference; explicitFileType = wrapper.cfbundle; includeInIndex = 0; path = ManageMyTimeTests.xctest; sourceTree = BUILT_PRODUCTS_DIR; };
		2568072E249FF1FF0096AB89 /* ManageMyTimeTests.swift */ = {isa = PBXFileReference; lastKnownFileType = sourcecode.swift; path = ManageMyTimeTests.swift; sourceTree = "<group>"; };
		25680730249FF1FF0096AB89 /* Info.plist */ = {isa = PBXFileReference; lastKnownFileType = text.plist.xml; path = Info.plist; sourceTree = "<group>"; };
		2577A5E524ACF3040006E1D2 /* ScheduleView.swift */ = {isa = PBXFileReference; lastKnownFileType = sourcecode.swift; path = ScheduleView.swift; sourceTree = "<group>"; };
		2577A5E724AD13B80006E1D2 /* ScheduleViewRow.swift */ = {isa = PBXFileReference; lastKnownFileType = sourcecode.swift; path = ScheduleViewRow.swift; sourceTree = "<group>"; };
		2577A5E924AD15690006E1D2 /* Column.swift */ = {isa = PBXFileReference; lastKnownFileType = sourcecode.swift; path = Column.swift; sourceTree = "<group>"; };
		2577A5EB24AD5D8E0006E1D2 /* DailyViewRow.swift */ = {isa = PBXFileReference; lastKnownFileType = sourcecode.swift; path = DailyViewRow.swift; sourceTree = "<group>"; };
		257ECFE424B27A7C006051C5 /* RestrictedSpace.swift */ = {isa = PBXFileReference; lastKnownFileType = sourcecode.swift; name = RestrictedSpace.swift; path = ManageMyTime/RestrictedSpace.swift; sourceTree = SOURCE_ROOT; };
		257ECFEB24B287A6006051C5 /* RestrictedSpace+CoreDataClass.swift */ = {isa = PBXFileReference; lastKnownFileType = sourcecode.swift; path = "RestrictedSpace+CoreDataClass.swift"; sourceTree = "<group>"; };
		257ECFEC24B287A6006051C5 /* RestrictedSpace+CoreDataProperties.swift */ = {isa = PBXFileReference; lastKnownFileType = sourcecode.swift; path = "RestrictedSpace+CoreDataProperties.swift"; sourceTree = "<group>"; };
		2587D95F24B7A89E00A3AFF9 /* CustomDate.swift */ = {isa = PBXFileReference; lastKnownFileType = sourcecode.swift; path = CustomDate.swift; sourceTree = "<group>"; };
		258F08CC24AEB05E0057B35D /* WeeklyTasksRow.swift */ = {isa = PBXFileReference; lastKnownFileType = sourcecode.swift; path = WeeklyTasksRow.swift; sourceTree = "<group>"; };
		258F08CE24AEB63D0057B35D /* WeeklyScheduleBar.swift */ = {isa = PBXFileReference; lastKnownFileType = sourcecode.swift; path = WeeklyScheduleBar.swift; sourceTree = "<group>"; };
		25A248E324AA861000E74F51 /* DetailedTask.swift */ = {isa = PBXFileReference; lastKnownFileType = sourcecode.swift; path = DetailedTask.swift; sourceTree = "<group>"; };
		25B7603024A288D100C37C69 /* NewTaskText.swift */ = {isa = PBXFileReference; lastKnownFileType = sourcecode.swift; path = NewTaskText.swift; sourceTree = "<group>"; };
		25DB2DA724B632EB00E86600 /* FreeSpace+CoreDataClass.swift */ = {isa = PBXFileReference; lastKnownFileType = sourcecode.swift; path = "FreeSpace+CoreDataClass.swift"; sourceTree = "<group>"; };
		25DB2DA824B632EB00E86600 /* FreeSpace+CoreDataProperties.swift */ = {isa = PBXFileReference; lastKnownFileType = sourcecode.swift; path = "FreeSpace+CoreDataProperties.swift"; sourceTree = "<group>"; };
		25DB2DAB24B6633F00E86600 /* AvailableDay.swift */ = {isa = PBXFileReference; lastKnownFileType = sourcecode.swift; path = AvailableDay.swift; sourceTree = "<group>"; };
		25E5847624ABD49F00F251D5 /* ScheduleView2.swift */ = {isa = PBXFileReference; lastKnownFileType = sourcecode.swift; path = ScheduleView2.swift; sourceTree = "<group>"; };
		25EDA89E24B4C05200094B23 /* HourlyTime.swift */ = {isa = PBXFileReference; lastKnownFileType = sourcecode.swift; path = HourlyTime.swift; sourceTree = "<group>"; };
		25EDA8B324B5135100094B23 /* ButtonTestingView.swift */ = {isa = PBXFileReference; lastKnownFileType = sourcecode.swift; path = ButtonTestingView.swift; sourceTree = "<group>"; };
		25F347FD24A22FB400671D09 /* MultiPicker.swift */ = {isa = PBXFileReference; lastKnownFileType = sourcecode.swift; path = MultiPicker.swift; sourceTree = "<group>"; };
		25F347FF24A2304D00671D09 /* DurationSelector.swift */ = {isa = PBXFileReference; lastKnownFileType = sourcecode.swift; path = DurationSelector.swift; sourceTree = "<group>"; };
		25FAFE2724AE2BBB001E4820 /* TestTaskRow.swift */ = {isa = PBXFileReference; lastKnownFileType = sourcecode.swift; path = TestTaskRow.swift; sourceTree = "<group>"; };
/* End PBXFileReference section */

/* Begin PBXFrameworksBuildPhase section */
		2568070E249FF1FC0096AB89 /* Frameworks */ = {
			isa = PBXFrameworksBuildPhase;
			buildActionMask = 2147483647;
			files = (
			);
			runOnlyForDeploymentPostprocessing = 0;
		};
		25680727249FF1FF0096AB89 /* Frameworks */ = {
			isa = PBXFrameworksBuildPhase;
			buildActionMask = 2147483647;
			files = (
			);
			runOnlyForDeploymentPostprocessing = 0;
		};
/* End PBXFrameworksBuildPhase section */

/* Begin PBXGroup section */
		251EE60624A52BB600AC82F3 /* ViewModels */ = {
			isa = PBXGroup;
			children = (
				251EE60724A52BDB00AC82F3 /* TaskViewModel.swift */,
			);
			path = ViewModels;
			sourceTree = "<group>";
		};
		253C5CE624B118F100C95A06 /* Objects */ = {
			isa = PBXGroup;
			children = (
				25EDA89E24B4C05200094B23 /* HourlyTime.swift */,
				257ECFE424B27A7C006051C5 /* RestrictedSpace.swift */,
				2577A5E924AD15690006E1D2 /* Column.swift */,
				2565CC6424AF7A070006BF97 /* TaskSchedule.swift */,
				253C5CE724B1193800C95A06 /* DayObject.swift */,
				253C5CE924B11A0400C95A06 /* HourlyTask.swift */,
				25DB2DAB24B6633F00E86600 /* AvailableDay.swift */,
				2587D95F24B7A89E00A3AFF9 /* CustomDate.swift */,
			);
			path = Objects;
			sourceTree = "<group>";
		};
		25680708249FF1FC0096AB89 = {
			isa = PBXGroup;
			children = (
				25680713249FF1FC0096AB89 /* ManageMyTime */,
				2568072D249FF1FF0096AB89 /* ManageMyTimeTests */,
				25680712249FF1FC0096AB89 /* Products */,
			);
			sourceTree = "<group>";
		};
		25680712249FF1FC0096AB89 /* Products */ = {
			isa = PBXGroup;
			children = (
				25680711249FF1FC0096AB89 /* ManageMyTime.app */,
				2568072A249FF1FF0096AB89 /* ManageMyTimeTests.xctest */,
			);
			name = Products;
			sourceTree = "<group>";
		};
		25680713249FF1FC0096AB89 /* ManageMyTime */ = {
			isa = PBXGroup;
			children = (
				257ECFEF24B287C5006051C5 /* NSManagedObjects */,
				251EE60624A52BB600AC82F3 /* ViewModels */,
				25680739249FF34F0096AB89 /* Models */,
				25680714249FF1FC0096AB89 /* AppDelegate.swift */,
				250F5B0124AA707100ABCDA4 /* HelperFuncs.swift */,
				250F5AFA24AA32DF00ABCDA4 /* TaskRow.swift */,
				250F5AFF24AA3C6800ABCDA4 /* TaskList.swift */,
				25A248E324AA861000E74F51 /* DetailedTask.swift */,
				253455D324A12539007CB6BF /* AddTask.swift */,
				25B7603024A288D100C37C69 /* NewTaskText.swift */,
				253455D524A149F7007CB6BF /* TestView.swift */,
				25F347FD24A22FB400671D09 /* MultiPicker.swift */,
				25F347FF24A2304D00671D09 /* DurationSelector.swift */,
				253455D724A14B7B007CB6BF /* TestView3.swift */,
				25680716249FF1FC0096AB89 /* SceneDelegate.swift */,
				25E5847624ABD49F00F251D5 /* ScheduleView2.swift */,
				2577A5E524ACF3040006E1D2 /* ScheduleView.swift */,
				257ECFE624B27AD9006051C5 /* TimeCoreMangament */,
				253C5CE624B118F100C95A06 /* Objects */,
				2577A5EB24AD5D8E0006E1D2 /* DailyViewRow.swift */,
				25FAFE2724AE2BBB001E4820 /* TestTaskRow.swift */,
				258F08CC24AEB05E0057B35D /* WeeklyTasksRow.swift */,
				2577A5E724AD13B80006E1D2 /* ScheduleViewRow.swift */,
				258F08CE24AEB63D0057B35D /* WeeklyScheduleBar.swift */,
				2568071B249FF1FC0096AB89 /* ContentView.swift */,
				2568071D249FF1FF0096AB89 /* Assets.xcassets */,
				25680722249FF1FF0096AB89 /* LaunchScreen.storyboard */,
				2535D71B24B6AFC400BD7623 /* ManageMyTime.xcdatamodeld */,
				25680725249FF1FF0096AB89 /* Info.plist */,
				2568071F249FF1FF0096AB89 /* Preview Content */,
			);
			path = ManageMyTime;
			sourceTree = "<group>";
		};
		2568071F249FF1FF0096AB89 /* Preview Content */ = {
			isa = PBXGroup;
			children = (
				25680720249FF1FF0096AB89 /* Preview Assets.xcassets */,
			);
			path = "Preview Content";
			sourceTree = "<group>";
		};
		2568072D249FF1FF0096AB89 /* ManageMyTimeTests */ = {
			isa = PBXGroup;
			children = (
				2568072E249FF1FF0096AB89 /* ManageMyTimeTests.swift */,
				25680730249FF1FF0096AB89 /* Info.plist */,
			);
			path = ManageMyTimeTests;
			sourceTree = "<group>";
		};
		25680739249FF34F0096AB89 /* Models */ = {
			isa = PBXGroup;
			children = (
				251EE60924A52E2400AC82F3 /* TaskModel.swift */,
			);
			path = Models;
			sourceTree = "<group>";
		};
		257ECFE624B27AD9006051C5 /* TimeCoreMangament */ = {
			isa = PBXGroup;
			children = (
				253C5CEB24B11AEA00C95A06 /* TimeManagementCore.swift */,
				25EDA8B324B5135100094B23 /* ButtonTestingView.swift */,
			);
			path = TimeCoreMangament;
			sourceTree = "<group>";
		};
		257ECFEF24B287C5006051C5 /* NSManagedObjects */ = {
			isa = PBXGroup;
			children = (
				25DB2DA724B632EB00E86600 /* FreeSpace+CoreDataClass.swift */,
				25DB2DA824B632EB00E86600 /* FreeSpace+CoreDataProperties.swift */,
				25091FD524B62DE000532136 /* OccuipiedSpace+CoreDataClass.swift */,
				25091FD624B62DE000532136 /* OccuipiedSpace+CoreDataProperties.swift */,
				252FCC8A24B518060026EB03 /* Hour+CoreDataClass.swift */,
				252FCC8B24B518060026EB03 /* Hour+CoreDataProperties.swift */,
				257ECFEB24B287A6006051C5 /* RestrictedSpace+CoreDataClass.swift */,
				257ECFEC24B287A6006051C5 /* RestrictedSpace+CoreDataProperties.swift */,
				2539FFE724A3E1CC0059B831 /* Task+CoreDataClass.swift */,
				2539FFE824A3E1CC0059B831 /* Task+CoreDataProperties.swift */,
			);
			path = NSManagedObjects;
			sourceTree = "<group>";
		};
/* End PBXGroup section */

/* Begin PBXNativeTarget section */
		25680710249FF1FC0096AB89 /* ManageMyTime */ = {
			isa = PBXNativeTarget;
			buildConfigurationList = 25680733249FF1FF0096AB89 /* Build configuration list for PBXNativeTarget "ManageMyTime" */;
			buildPhases = (
				2568070D249FF1FC0096AB89 /* Sources */,
				2568070E249FF1FC0096AB89 /* Frameworks */,
				2568070F249FF1FC0096AB89 /* Resources */,
			);
			buildRules = (
			);
			dependencies = (
			);
			name = ManageMyTime;
			productName = ManageMyTime;
			productReference = 25680711249FF1FC0096AB89 /* ManageMyTime.app */;
			productType = "com.apple.product-type.application";
		};
		25680729249FF1FF0096AB89 /* ManageMyTimeTests */ = {
			isa = PBXNativeTarget;
			buildConfigurationList = 25680736249FF1FF0096AB89 /* Build configuration list for PBXNativeTarget "ManageMyTimeTests" */;
			buildPhases = (
				25680726249FF1FF0096AB89 /* Sources */,
				25680727249FF1FF0096AB89 /* Frameworks */,
				25680728249FF1FF0096AB89 /* Resources */,
			);
			buildRules = (
			);
			dependencies = (
				2568072C249FF1FF0096AB89 /* PBXTargetDependency */,
			);
			name = ManageMyTimeTests;
			productName = ManageMyTimeTests;
			productReference = 2568072A249FF1FF0096AB89 /* ManageMyTimeTests.xctest */;
			productType = "com.apple.product-type.bundle.unit-test";
		};
/* End PBXNativeTarget section */

/* Begin PBXProject section */
		25680709249FF1FC0096AB89 /* Project object */ = {
			isa = PBXProject;
			attributes = {
				LastSwiftUpdateCheck = 1150;
				LastUpgradeCheck = 1150;
				ORGANIZATIONNAME = IMPACT;
				TargetAttributes = {
					25680710249FF1FC0096AB89 = {
						CreatedOnToolsVersion = 11.5;
					};
					25680729249FF1FF0096AB89 = {
						CreatedOnToolsVersion = 11.5;
						TestTargetID = 25680710249FF1FC0096AB89;
					};
				};
			};
			buildConfigurationList = 2568070C249FF1FC0096AB89 /* Build configuration list for PBXProject "ManageMyTime" */;
			compatibilityVersion = "Xcode 9.3";
			developmentRegion = en;
			hasScannedForEncodings = 0;
			knownRegions = (
				en,
				Base,
			);
			mainGroup = 25680708249FF1FC0096AB89;
			productRefGroup = 25680712249FF1FC0096AB89 /* Products */;
			projectDirPath = "";
			projectRoot = "";
			targets = (
				25680710249FF1FC0096AB89 /* ManageMyTime */,
				25680729249FF1FF0096AB89 /* ManageMyTimeTests */,
			);
		};
/* End PBXProject section */

/* Begin PBXResourcesBuildPhase section */
		2568070F249FF1FC0096AB89 /* Resources */ = {
			isa = PBXResourcesBuildPhase;
			buildActionMask = 2147483647;
			files = (
				25680724249FF1FF0096AB89 /* LaunchScreen.storyboard in Resources */,
				25680721249FF1FF0096AB89 /* Preview Assets.xcassets in Resources */,
				2568071E249FF1FF0096AB89 /* Assets.xcassets in Resources */,
			);
			runOnlyForDeploymentPostprocessing = 0;
		};
		25680728249FF1FF0096AB89 /* Resources */ = {
			isa = PBXResourcesBuildPhase;
			buildActionMask = 2147483647;
			files = (
			);
			runOnlyForDeploymentPostprocessing = 0;
		};
/* End PBXResourcesBuildPhase section */

/* Begin PBXSourcesBuildPhase section */
		2568070D249FF1FC0096AB89 /* Sources */ = {
			isa = PBXSourcesBuildPhase;
			buildActionMask = 2147483647;
			files = (
				250F5AFB24AA32DF00ABCDA4 /* TaskRow.swift in Sources */,
				253455D824A14B7B007CB6BF /* TestView3.swift in Sources */,
				25FAFE2824AE2BBB001E4820 /* TestTaskRow.swift in Sources */,
				2577A5EC24AD5D8E0006E1D2 /* DailyViewRow.swift in Sources */,
				2565CC6524AF7A070006BF97 /* TaskSchedule.swift in Sources */,
				25EDA89F24B4C05200094B23 /* HourlyTime.swift in Sources */,
				251EE60824A52BDB00AC82F3 /* TaskViewModel.swift in Sources */,
				2535D71D24B6AFC400BD7623 /* ManageMyTime.xcdatamodeld in Sources */,
				25B7603124A288D100C37C69 /* NewTaskText.swift in Sources */,
				25F3480024A2304D00671D09 /* DurationSelector.swift in Sources */,
				25091FD724B62DE000532136 /* OccuipiedSpace+CoreDataClass.swift in Sources */,
				25091FD824B62DE000532136 /* OccuipiedSpace+CoreDataProperties.swift in Sources */,
				2577A5E624ACF3040006E1D2 /* ScheduleView.swift in Sources */,
				253455D624A149F7007CB6BF /* TestView.swift in Sources */,
				2577A5E824AD13B80006E1D2 /* ScheduleViewRow.swift in Sources */,
				25680715249FF1FC0096AB89 /* AppDelegate.swift in Sources */,
				251EE60A24A52E2400AC82F3 /* TaskModel.swift in Sources */,
				2587D96024B7A89E00A3AFF9 /* CustomDate.swift in Sources */,
				252FCC8F24B518060026EB03 /* Hour+CoreDataProperties.swift in Sources */,
				250F5B0024AA3C6800ABCDA4 /* TaskList.swift in Sources */,
				25A248E424AA861000E74F51 /* DetailedTask.swift in Sources */,
				258F08CF24AEB63D0057B35D /* WeeklyScheduleBar.swift in Sources */,
				25EDA8B424B5135100094B23 /* ButtonTestingView.swift in Sources */,
				253455D424A12539007CB6BF /* AddTask.swift in Sources */,
				25F347FE24A22FB400671D09 /* MultiPicker.swift in Sources */,
				25DB2DAA24B632EB00E86600 /* FreeSpace+CoreDataProperties.swift in Sources */,
				2577A5EA24AD15690006E1D2 /* Column.swift in Sources */,
				257ECFE524B27A7C006051C5 /* RestrictedSpace.swift in Sources */,
				25DB2DA924B632EB00E86600 /* FreeSpace+CoreDataClass.swift in Sources */,
				2568071C249FF1FC0096AB89 /* ContentView.swift in Sources */,
				2539FFEA24A3E1CC0059B831 /* Task+CoreDataProperties.swift in Sources */,
				253C5CEC24B11AEA00C95A06 /* TimeManagementCore.swift in Sources */,
				25DB2DAC24B6633F00E86600 /* AvailableDay.swift in Sources */,
				2539FFE924A3E1CC0059B831 /* Task+CoreDataClass.swift in Sources */,
				252FCC8E24B518060026EB03 /* Hour+CoreDataClass.swift in Sources */,
				257ECFEE24B287A6006051C5 /* RestrictedSpace+CoreDataProperties.swift in Sources */,
				257ECFED24B287A6006051C5 /* RestrictedSpace+CoreDataClass.swift in Sources */,
				253C5CE824B1193800C95A06 /* DayObject.swift in Sources */,
				258F08CD24AEB05E0057B35D /* WeeklyTasksRow.swift in Sources */,
				253C5CEA24B11A0400C95A06 /* HourlyTask.swift in Sources */,
				250F5B0224AA707100ABCDA4 /* HelperFuncs.swift in Sources */,
				25680717249FF1FC0096AB89 /* SceneDelegate.swift in Sources */,
				25E5847724ABD49F00F251D5 /* ScheduleView2.swift in Sources */,
			);
			runOnlyForDeploymentPostprocessing = 0;
		};
		25680726249FF1FF0096AB89 /* Sources */ = {
			isa = PBXSourcesBuildPhase;
			buildActionMask = 2147483647;
			files = (
				2568072F249FF1FF0096AB89 /* ManageMyTimeTests.swift in Sources */,
			);
			runOnlyForDeploymentPostprocessing = 0;
		};
/* End PBXSourcesBuildPhase section */

/* Begin PBXTargetDependency section */
		2568072C249FF1FF0096AB89 /* PBXTargetDependency */ = {
			isa = PBXTargetDependency;
			target = 25680710249FF1FC0096AB89 /* ManageMyTime */;
			targetProxy = 2568072B249FF1FF0096AB89 /* PBXContainerItemProxy */;
		};
/* End PBXTargetDependency section */

/* Begin PBXVariantGroup section */
		25680722249FF1FF0096AB89 /* LaunchScreen.storyboard */ = {
			isa = PBXVariantGroup;
			children = (
				25680723249FF1FF0096AB89 /* Base */,
			);
			name = LaunchScreen.storyboard;
			sourceTree = "<group>";
		};
/* End PBXVariantGroup section */

/* Begin XCBuildConfiguration section */
		25680731249FF1FF0096AB89 /* Debug */ = {
			isa = XCBuildConfiguration;
			buildSettings = {
				ALWAYS_SEARCH_USER_PATHS = NO;
				CLANG_ANALYZER_NONNULL = YES;
				CLANG_ANALYZER_NUMBER_OBJECT_CONVERSION = YES_AGGRESSIVE;
				CLANG_CXX_LANGUAGE_STANDARD = "gnu++14";
				CLANG_CXX_LIBRARY = "libc++";
				CLANG_ENABLE_MODULES = YES;
				CLANG_ENABLE_OBJC_ARC = YES;
				CLANG_ENABLE_OBJC_WEAK = YES;
				CLANG_WARN_BLOCK_CAPTURE_AUTORELEASING = YES;
				CLANG_WARN_BOOL_CONVERSION = YES;
				CLANG_WARN_COMMA = YES;
				CLANG_WARN_CONSTANT_CONVERSION = YES;
				CLANG_WARN_DEPRECATED_OBJC_IMPLEMENTATIONS = YES;
				CLANG_WARN_DIRECT_OBJC_ISA_USAGE = YES_ERROR;
				CLANG_WARN_DOCUMENTATION_COMMENTS = YES;
				CLANG_WARN_EMPTY_BODY = YES;
				CLANG_WARN_ENUM_CONVERSION = YES;
				CLANG_WARN_INFINITE_RECURSION = YES;
				CLANG_WARN_INT_CONVERSION = YES;
				CLANG_WARN_NON_LITERAL_NULL_CONVERSION = YES;
				CLANG_WARN_OBJC_IMPLICIT_RETAIN_SELF = YES;
				CLANG_WARN_OBJC_LITERAL_CONVERSION = YES;
				CLANG_WARN_OBJC_ROOT_CLASS = YES_ERROR;
				CLANG_WARN_RANGE_LOOP_ANALYSIS = YES;
				CLANG_WARN_STRICT_PROTOTYPES = YES;
				CLANG_WARN_SUSPICIOUS_MOVE = YES;
				CLANG_WARN_UNGUARDED_AVAILABILITY = YES_AGGRESSIVE;
				CLANG_WARN_UNREACHABLE_CODE = YES;
				CLANG_WARN__DUPLICATE_METHOD_MATCH = YES;
				COPY_PHASE_STRIP = NO;
				DEBUG_INFORMATION_FORMAT = dwarf;
				ENABLE_STRICT_OBJC_MSGSEND = YES;
				ENABLE_TESTABILITY = YES;
				GCC_C_LANGUAGE_STANDARD = gnu11;
				GCC_DYNAMIC_NO_PIC = NO;
				GCC_NO_COMMON_BLOCKS = YES;
				GCC_OPTIMIZATION_LEVEL = 0;
				GCC_PREPROCESSOR_DEFINITIONS = (
					"DEBUG=1",
					"$(inherited)",
				);
				GCC_WARN_64_TO_32_BIT_CONVERSION = YES;
				GCC_WARN_ABOUT_RETURN_TYPE = YES_ERROR;
				GCC_WARN_UNDECLARED_SELECTOR = YES;
				GCC_WARN_UNINITIALIZED_AUTOS = YES_AGGRESSIVE;
				GCC_WARN_UNUSED_FUNCTION = YES;
				GCC_WARN_UNUSED_VARIABLE = YES;
				IPHONEOS_DEPLOYMENT_TARGET = 13.5;
				MTL_ENABLE_DEBUG_INFO = INCLUDE_SOURCE;
				MTL_FAST_MATH = YES;
				ONLY_ACTIVE_ARCH = YES;
				SDKROOT = iphoneos;
				SWIFT_ACTIVE_COMPILATION_CONDITIONS = DEBUG;
				SWIFT_OPTIMIZATION_LEVEL = "-Onone";
			};
			name = Debug;
		};
		25680732249FF1FF0096AB89 /* Release */ = {
			isa = XCBuildConfiguration;
			buildSettings = {
				ALWAYS_SEARCH_USER_PATHS = NO;
				CLANG_ANALYZER_NONNULL = YES;
				CLANG_ANALYZER_NUMBER_OBJECT_CONVERSION = YES_AGGRESSIVE;
				CLANG_CXX_LANGUAGE_STANDARD = "gnu++14";
				CLANG_CXX_LIBRARY = "libc++";
				CLANG_ENABLE_MODULES = YES;
				CLANG_ENABLE_OBJC_ARC = YES;
				CLANG_ENABLE_OBJC_WEAK = YES;
				CLANG_WARN_BLOCK_CAPTURE_AUTORELEASING = YES;
				CLANG_WARN_BOOL_CONVERSION = YES;
				CLANG_WARN_COMMA = YES;
				CLANG_WARN_CONSTANT_CONVERSION = YES;
				CLANG_WARN_DEPRECATED_OBJC_IMPLEMENTATIONS = YES;
				CLANG_WARN_DIRECT_OBJC_ISA_USAGE = YES_ERROR;
				CLANG_WARN_DOCUMENTATION_COMMENTS = YES;
				CLANG_WARN_EMPTY_BODY = YES;
				CLANG_WARN_ENUM_CONVERSION = YES;
				CLANG_WARN_INFINITE_RECURSION = YES;
				CLANG_WARN_INT_CONVERSION = YES;
				CLANG_WARN_NON_LITERAL_NULL_CONVERSION = YES;
				CLANG_WARN_OBJC_IMPLICIT_RETAIN_SELF = YES;
				CLANG_WARN_OBJC_LITERAL_CONVERSION = YES;
				CLANG_WARN_OBJC_ROOT_CLASS = YES_ERROR;
				CLANG_WARN_RANGE_LOOP_ANALYSIS = YES;
				CLANG_WARN_STRICT_PROTOTYPES = YES;
				CLANG_WARN_SUSPICIOUS_MOVE = YES;
				CLANG_WARN_UNGUARDED_AVAILABILITY = YES_AGGRESSIVE;
				CLANG_WARN_UNREACHABLE_CODE = YES;
				CLANG_WARN__DUPLICATE_METHOD_MATCH = YES;
				COPY_PHASE_STRIP = NO;
				DEBUG_INFORMATION_FORMAT = "dwarf-with-dsym";
				ENABLE_NS_ASSERTIONS = NO;
				ENABLE_STRICT_OBJC_MSGSEND = YES;
				GCC_C_LANGUAGE_STANDARD = gnu11;
				GCC_NO_COMMON_BLOCKS = YES;
				GCC_WARN_64_TO_32_BIT_CONVERSION = YES;
				GCC_WARN_ABOUT_RETURN_TYPE = YES_ERROR;
				GCC_WARN_UNDECLARED_SELECTOR = YES;
				GCC_WARN_UNINITIALIZED_AUTOS = YES_AGGRESSIVE;
				GCC_WARN_UNUSED_FUNCTION = YES;
				GCC_WARN_UNUSED_VARIABLE = YES;
				IPHONEOS_DEPLOYMENT_TARGET = 13.5;
				MTL_ENABLE_DEBUG_INFO = NO;
				MTL_FAST_MATH = YES;
				SDKROOT = iphoneos;
				SWIFT_COMPILATION_MODE = wholemodule;
				SWIFT_OPTIMIZATION_LEVEL = "-O";
				VALIDATE_PRODUCT = YES;
			};
			name = Release;
		};
		25680734249FF1FF0096AB89 /* Debug */ = {
			isa = XCBuildConfiguration;
			buildSettings = {
				ASSETCATALOG_COMPILER_APPICON_NAME = AppIcon;
				CODE_SIGN_STYLE = Automatic;
				DEVELOPMENT_ASSET_PATHS = "\"ManageMyTime/Preview Content\"";
				ENABLE_PREVIEWS = YES;
				INFOPLIST_FILE = ManageMyTime/Info.plist;
				LD_RUNPATH_SEARCH_PATHS = (
					"$(inherited)",
					"@executable_path/Frameworks",
				);
				PRODUCT_BUNDLE_IDENTIFIER = com.IMPACT.ManageMyTime;
				PRODUCT_NAME = "$(TARGET_NAME)";
				SWIFT_VERSION = 5.0;
				TARGETED_DEVICE_FAMILY = "1,2";
			};
			name = Debug;
		};
		25680735249FF1FF0096AB89 /* Release */ = {
			isa = XCBuildConfiguration;
			buildSettings = {
				ASSETCATALOG_COMPILER_APPICON_NAME = AppIcon;
				CODE_SIGN_STYLE = Automatic;
				DEVELOPMENT_ASSET_PATHS = "\"ManageMyTime/Preview Content\"";
				ENABLE_PREVIEWS = YES;
				INFOPLIST_FILE = ManageMyTime/Info.plist;
				LD_RUNPATH_SEARCH_PATHS = (
					"$(inherited)",
					"@executable_path/Frameworks",
				);
				PRODUCT_BUNDLE_IDENTIFIER = com.IMPACT.ManageMyTime;
				PRODUCT_NAME = "$(TARGET_NAME)";
				SWIFT_VERSION = 5.0;
				TARGETED_DEVICE_FAMILY = "1,2";
			};
			name = Release;
		};
		25680737249FF1FF0096AB89 /* Debug */ = {
			isa = XCBuildConfiguration;
			buildSettings = {
				ALWAYS_EMBED_SWIFT_STANDARD_LIBRARIES = YES;
				BUNDLE_LOADER = "$(TEST_HOST)";
				CODE_SIGN_STYLE = Automatic;
				INFOPLIST_FILE = ManageMyTimeTests/Info.plist;
				IPHONEOS_DEPLOYMENT_TARGET = 13.5;
				LD_RUNPATH_SEARCH_PATHS = (
					"$(inherited)",
					"@executable_path/Frameworks",
					"@loader_path/Frameworks",
				);
				PRODUCT_BUNDLE_IDENTIFIER = com.IMPACT.ManageMyTimeTests;
				PRODUCT_NAME = "$(TARGET_NAME)";
				SWIFT_VERSION = 5.0;
				TARGETED_DEVICE_FAMILY = "1,2";
				TEST_HOST = "$(BUILT_PRODUCTS_DIR)/ManageMyTime.app/ManageMyTime";
			};
			name = Debug;
		};
		25680738249FF1FF0096AB89 /* Release */ = {
			isa = XCBuildConfiguration;
			buildSettings = {
				ALWAYS_EMBED_SWIFT_STANDARD_LIBRARIES = YES;
				BUNDLE_LOADER = "$(TEST_HOST)";
				CODE_SIGN_STYLE = Automatic;
				INFOPLIST_FILE = ManageMyTimeTests/Info.plist;
				IPHONEOS_DEPLOYMENT_TARGET = 13.5;
				LD_RUNPATH_SEARCH_PATHS = (
					"$(inherited)",
					"@executable_path/Frameworks",
					"@loader_path/Frameworks",
				);
				PRODUCT_BUNDLE_IDENTIFIER = com.IMPACT.ManageMyTimeTests;
				PRODUCT_NAME = "$(TARGET_NAME)";
				SWIFT_VERSION = 5.0;
				TARGETED_DEVICE_FAMILY = "1,2";
				TEST_HOST = "$(BUILT_PRODUCTS_DIR)/ManageMyTime.app/ManageMyTime";
			};
			name = Release;
		};
/* End XCBuildConfiguration section */

/* Begin XCConfigurationList section */
		2568070C249FF1FC0096AB89 /* Build configuration list for PBXProject "ManageMyTime" */ = {
			isa = XCConfigurationList;
			buildConfigurations = (
				25680731249FF1FF0096AB89 /* Debug */,
				25680732249FF1FF0096AB89 /* Release */,
			);
			defaultConfigurationIsVisible = 0;
			defaultConfigurationName = Release;
		};
		25680733249FF1FF0096AB89 /* Build configuration list for PBXNativeTarget "ManageMyTime" */ = {
			isa = XCConfigurationList;
			buildConfigurations = (
				25680734249FF1FF0096AB89 /* Debug */,
				25680735249FF1FF0096AB89 /* Release */,
			);
			defaultConfigurationIsVisible = 0;
			defaultConfigurationName = Release;
		};
		25680736249FF1FF0096AB89 /* Build configuration list for PBXNativeTarget "ManageMyTimeTests" */ = {
			isa = XCConfigurationList;
			buildConfigurations = (
				25680737249FF1FF0096AB89 /* Debug */,
				25680738249FF1FF0096AB89 /* Release */,
			);
			defaultConfigurationIsVisible = 0;
			defaultConfigurationName = Release;
		};
/* End XCConfigurationList section */

/* Begin XCVersionGroup section */
		2535D71B24B6AFC400BD7623 /* ManageMyTime.xcdatamodeld */ = {
			isa = XCVersionGroup;
			children = (
				2535D71C24B6AFC400BD7623 /* ManageMyTime.xcdatamodel */,
			);
			currentVersion = 2535D71C24B6AFC400BD7623 /* ManageMyTime.xcdatamodel */;
			name = ManageMyTime.xcdatamodeld;
			path = ../../../Downloads/ManageMyTime.xcdatamodeld;
			sourceTree = "<group>";
			versionGroupType = wrapper.xcdatamodel;
		};
/* End XCVersionGroup section */
	};
	rootObject = 25680709249FF1FC0096AB89 /* Project object */;
}
